
Microsoft Visual Studio Solution File, Format Version 12.00
# Visual Studio Version 17
VisualStudioVersion = 17.10.35013.160
MinimumVisualStudioVersion = 10.0.40219.1
Project("{FAE04EC0-301F-11D3-BF4B-00C04F79EFBC}") = "MvvmCTK.Ioc", "MvvmCTK.Ioc\MvvmCTK.Ioc.csproj", "{6FF3464B-E113-45E8-AFD3-61A3C99BBD70}"
EndProject
Project("{FAE04EC0-301F-11D3-BF4B-00C04F79EFBC}") = "MvvmCTK.Initiate", "MvvmCTK.Initiate\MvvmCTK.Initiate.csproj", "{67446D1A-CA22-4F16-BF47-3E838A350AF9}"
EndProject
Project("{FAE04EC0-301F-11D3-BF4B-00C04F79EFBC}") = "MvvmCTK.Messages", "MvvmCTK.Messages\MvvmCTK.Messages.csproj", "{36BC780C-BC01-4774-AF69-F970AB70FE61}"
EndProject
Project("{FAE04EC0-301F-11D3-BF4B-00C04F79EFBC}") = "MvvmCTK.Setup", "MvvmCTK.Setup\MvvmCTK.Setup.csproj", "{6692AC8B-1E16-4FCC-B67E-BC93F7CC10E1}"
EndProject
Project("{FAE04EC0-301F-11D3-BF4B-00C04F79EFBC}") = "NetFramework", "NetFramework\NetFramework.csproj", "{4E95AF2A-E94F-4A4C-B567-F184673B051E}"
EndProject
Global
	GlobalSection(SolutionConfigurationPlatforms) = preSolution
		Debug|Any CPU = Debug|Any CPU
		Release|Any CPU = Release|Any CPU
	EndGlobalSection
	GlobalSection(ProjectConfigurationPlatforms) = postSolution
		{6FF3464B-E113-45E8-AFD3-61A3C99BBD70}.Debug|Any CPU.ActiveCfg = Debug|Any CPU
		{6FF3464B-E113-45E8-AFD3-61A3C99BBD70}.Debug|Any CPU.Build.0 = Debug|Any CPU
		{6FF3464B-E113-45E8-AFD3-61A3C99BBD70}.Release|Any CPU.ActiveCfg = Release|Any CPU
		{6FF3464B-E113-45E8-AFD3-61A3C99BBD70}.Release|Any CPU.Build.0 = Release|Any CPU
		{67446D1A-CA22-4F16-BF47-3E838A350AF9}.Debug|Any CPU.ActiveCfg = Debug|Any CPU
		{67446D1A-CA22-4F16-BF47-3E838A350AF9}.Debug|Any CPU.Build.0 = Debug|Any CPU
		{67446D1A-CA22-4F16-BF47-3E838A350AF9}.Release|Any CPU.ActiveCfg = Release|Any CPU
		{67446D1A-CA22-4F16-BF47-3E838A350AF9}.Release|Any CPU.Build.0 = Release|Any CPU
		{36BC780C-BC01-4774-AF69-F970AB70FE61}.Debug|Any CPU.ActiveCfg = Debug|Any CPU
		{36BC780C-BC01-4774-AF69-F970AB70FE61}.Debug|Any CPU.Build.0 = Debug|Any CPU
		{36BC780C-BC01-4774-AF69-F970AB70FE61}.Release|Any CPU.ActiveCfg = Release|Any CPU
		{36BC780C-BC01-4774-AF69-F970AB70FE61}.Release|Any CPU.Build.0 = Release|Any CPU
		{6692AC8B-1E16-4FCC-B67E-BC93F7CC10E1}.Debug|Any CPU.ActiveCfg = Debug|Any CPU
		{6692AC8B-1E16-4FCC-B67E-BC93F7CC10E1}.Debug|Any CPU.Build.0 = Debug|Any CPU
		{6692AC8B-1E16-4FCC-B67E-BC93F7CC10E1}.Release|Any CPU.ActiveCfg = Release|Any CPU
		{6692AC8B-1E16-4FCC-B67E-BC93F7CC10E1}.Release|Any CPU.Build.0 = Release|Any CPU
		{4E95AF2A-E94F-4A4C-B567-F184673B051E}.Debug|Any CPU.ActiveCfg = Debug|Any CPU
		{4E95AF2A-E94F-4A4C-B567-F184673B051E}.Debug|Any CPU.Build.0 = Debug|Any CPU
		{4E95AF2A-E94F-4A4C-B567-F184673B051E}.Release|Any CPU.ActiveCfg = Release|Any CPU
		{4E95AF2A-E94F-4A4C-B567-F184673B051E}.Release|Any CPU.Build.0 = Release|Any CPU
	EndGlobalSection
	GlobalSection(SolutionProperties) = preSolution
		HideSolutionNode = FALSE
	EndGlobalSection
	GlobalSection(ExtensibilityGlobals) = postSolution
		SolutionGuid = {F0879A08-D262-4A91-ADBD-1A13A61C1ED2}
	EndGlobalSection
EndGlobal
